
Microsoft Visual Studio Solution File, Format Version 12.00
# Visual Studio Version 17
VisualStudioVersion = 17.12.35506.116 d17.12
MinimumVisualStudioVersion = 10.0.40219.1
Project("{FAE04EC0-301F-11D3-BF4B-00C04F79EFBC}") = "HabitWise", "HabitWise\HabitWise.csproj", "{AF021264-8378-42D8-879F-1017D8E5A6EC}"
EndProject
Project("{FAE04EC0-301F-11D3-BF4B-00C04F79EFBC}") = "HabitWise.Tests", "HabitWise.Tests\HabitWise.Tests.csproj", "{C6110D3F-E1E2-4B85-B540-960030271D79}"
EndProject
Global
	GlobalSection(SolutionConfigurationPlatforms) = preSolution
		Debug|Any CPU = Debug|Any CPU
		Release|Any CPU = Release|Any CPU
	EndGlobalSection
	GlobalSection(ProjectConfigurationPlatforms) = postSolution
		{AF021264-8378-42D8-879F-1017D8E5A6EC}.Debug|Any CPU.ActiveCfg = Debug|Any CPU
		{AF021264-8378-42D8-879F-1017D8E5A6EC}.Debug|Any CPU.Build.0 = Debug|Any CPU
		{AF021264-8378-42D8-879F-1017D8E5A6EC}.Debug|Any CPU.Deploy.0 = Debug|Any CPU
		{AF021264-8378-42D8-879F-1017D8E5A6EC}.Release|Any CPU.ActiveCfg = Release|Any CPU
		{AF021264-8378-42D8-879F-1017D8E5A6EC}.Release|Any CPU.Build.0 = Release|Any CPU
		{C6110D3F-E1E2-4B85-B540-960030271D79}.Debug|Any CPU.ActiveCfg = Debug|Any CPU
		{C6110D3F-E1E2-4B85-B540-960030271D79}.Debug|Any CPU.Build.0 = Debug|Any CPU
		{C6110D3F-E1E2-4B85-B540-960030271D79}.Release|Any CPU.ActiveCfg = Release|Any CPU
		{C6110D3F-E1E2-4B85-B540-960030271D79}.Release|Any CPU.Build.0 = Release|Any CPU
	EndGlobalSection
	GlobalSection(SolutionProperties) = preSolution
		HideSolutionNode = FALSE
	EndGlobalSection
EndGlobal
